// !$*UTF8*$!
{
	archiveVersion = 1;
	classes = {
	};
	objectVersion = 46;
	objects = {

/* Begin PBXBuildFile section */
		D4041AEE1FC0153C001F312E /* YourInformationViewController.m in Sources */ = {isa = PBXBuildFile; fileRef = D4041AED1FC0153C001F312E /* YourInformationViewController.m */; };
		D4041AF11FC0232C001F312E /* YourAdvertViewController.m in Sources */ = {isa = PBXBuildFile; fileRef = D4041AF01FC0232C001F312E /* YourAdvertViewController.m */; };
		D4041AF51FC031AD001F312E /* AdvertPDFCollectionViewCell.m in Sources */ = {isa = PBXBuildFile; fileRef = D4041AF31FC031AD001F312E /* AdvertPDFCollectionViewCell.m */; };
		D4041AF61FC031AD001F312E /* AdvertPDFCollectionViewCell.xib in Resources */ = {isa = PBXBuildFile; fileRef = D4041AF41FC031AD001F312E /* AdvertPDFCollectionViewCell.xib */; };
		D4041AF91FC0C209001F312E /* SelectLanguageViewController.m in Sources */ = {isa = PBXBuildFile; fileRef = D4041AF81FC0C209001F312E /* SelectLanguageViewController.m */; };
		D40CDD6F1FAEE89100213855 /* DrivingLicenseInfoViewController.m in Sources */ = {isa = PBXBuildFile; fileRef = D40CDD6E1FAEE89100213855 /* DrivingLicenseInfoViewController.m */; };
		D415586F1FB42E6B0031E23F /* tmpAdsHome.png in Resources */ = {isa = PBXBuildFile; fileRef = D415586E1FB42E6B0031E23F /* tmpAdsHome.png */; };
		D41558721FB461A60031E23F /* AdsDetailViewController.m in Sources */ = {isa = PBXBuildFile; fileRef = D41558711FB461A60031E23F /* AdsDetailViewController.m */; };
		D41558751FB4E9590031E23F /* ChangePasswordViewController.m in Sources */ = {isa = PBXBuildFile; fileRef = D41558741FB4E9590031E23F /* ChangePasswordViewController.m */; };
		D420BFE01FB5CD7A0071E30A /* FilterViewController.m in Sources */ = {isa = PBXBuildFile; fileRef = D420BFDE1FB5CD7A0071E30A /* FilterViewController.m */; };
		D420BFE11FB5CD7A0071E30A /* FilterViewController.xib in Resources */ = {isa = PBXBuildFile; fileRef = D420BFDF1FB5CD7A0071E30A /* FilterViewController.xib */; };
		D420BFE61FB817F50071E30A /* TTRangeSlider.m in Sources */ = {isa = PBXBuildFile; fileRef = D420BFE41FB817F50071E30A /* TTRangeSlider.m */; };
		D420BFEA1FB82DD60071E30A /* FilterMiscTableViewCell.m in Sources */ = {isa = PBXBuildFile; fileRef = D420BFE81FB82DD60071E30A /* FilterMiscTableViewCell.m */; };
		D420BFEB1FB82DD60071E30A /* FilterMiscTableViewCell.xib in Resources */ = {isa = PBXBuildFile; fileRef = D420BFE91FB82DD60071E30A /* FilterMiscTableViewCell.xib */; };
		D43143C51F98E02B00FE0406 /* VisbyRoundCF-Medium.otf in Resources */ = {isa = PBXBuildFile; fileRef = D43143BD1F98E02B00FE0406 /* VisbyRoundCF-Medium.otf */; };
		D43143C61F98E02B00FE0406 /* VisbyRoundCF-Heavy.otf in Resources */ = {isa = PBXBuildFile; fileRef = D43143BE1F98E02B00FE0406 /* VisbyRoundCF-Heavy.otf */; };
		D43143C71F98E02B00FE0406 /* VisbyRoundCF-DemiBold.otf in Resources */ = {isa = PBXBuildFile; fileRef = D43143BF1F98E02B00FE0406 /* VisbyRoundCF-DemiBold.otf */; };
		D43143C81F98E02B00FE0406 /* VisbyRoundCF-Light.otf in Resources */ = {isa = PBXBuildFile; fileRef = D43143C01F98E02B00FE0406 /* VisbyRoundCF-Light.otf */; };
		D43143C91F98E02B00FE0406 /* VisbyRoundCF-ExtraBold.otf in Resources */ = {isa = PBXBuildFile; fileRef = D43143C11F98E02B00FE0406 /* VisbyRoundCF-ExtraBold.otf */; };
		D43143CA1F98E02B00FE0406 /* VisbyRoundCF-ExtraLight.otf in Resources */ = {isa = PBXBuildFile; fileRef = D43143C21F98E02B00FE0406 /* VisbyRoundCF-ExtraLight.otf */; };
		D43143CB1F98E02B00FE0406 /* VisbyRoundCF-Regular.otf in Resources */ = {isa = PBXBuildFile; fileRef = D43143C31F98E02B00FE0406 /* VisbyRoundCF-Regular.otf */; };
		D43143CC1F98E02B00FE0406 /* VisbyRoundCF-Bold.otf in Resources */ = {isa = PBXBuildFile; fileRef = D43143C41F98E02B00FE0406 /* VisbyRoundCF-Bold.otf */; };
		D43EE8CE1FB30AF100BE7E08 /* ContactUsViewController.m in Sources */ = {isa = PBXBuildFile; fileRef = D43EE8CD1FB30AF100BE7E08 /* ContactUsViewController.m */; };
		D4736B4C1FBB05B7004A51A2 /* TTTAttributedLabel.m in Sources */ = {isa = PBXBuildFile; fileRef = D4736B4B1FBB05B7004A51A2 /* TTTAttributedLabel.m */; };
		D4736B4F1FBB0B2A004A51A2 /* PrivacyPolicyViewController.m in Sources */ = {isa = PBXBuildFile; fileRef = D4736B4E1FBB0B2A004A51A2 /* PrivacyPolicyViewController.m */; };
		D4736B521FBB1015004A51A2 /* TnCViewController.m in Sources */ = {isa = PBXBuildFile; fileRef = D4736B511FBB1015004A51A2 /* TnCViewController.m */; };
		D4736B551FBC50A3004A51A2 /* FavoritesViewController.m in Sources */ = {isa = PBXBuildFile; fileRef = D4736B541FBC50A3004A51A2 /* FavoritesViewController.m */; };
		D4736B591FBC60B6004A51A2 /* FavoritesTableViewCell.m in Sources */ = {isa = PBXBuildFile; fileRef = D4736B571FBC60B6004A51A2 /* FavoritesTableViewCell.m */; };
		D4736B5A1FBC60B6004A51A2 /* FavoritesTableViewCell.xib in Resources */ = {isa = PBXBuildFile; fileRef = D4736B581FBC60B6004A51A2 /* FavoritesTableViewCell.xib */; };
		D48EE4B31F9B2A2C00CB43A0 /* LGSideMenuHelper.m in Sources */ = {isa = PBXBuildFile; fileRef = D48EE4AA1F9B2A2C00CB43A0 /* LGSideMenuHelper.m */; };
		D48EE4B41F9B2A2C00CB43A0 /* LGSideMenuView.m in Sources */ = {isa = PBXBuildFile; fileRef = D48EE4AC1F9B2A2C00CB43A0 /* LGSideMenuView.m */; };
		D48EE4B51F9B2A2C00CB43A0 /* LGSideMenuSegue.m in Sources */ = {isa = PBXBuildFile; fileRef = D48EE4AD1F9B2A2C00CB43A0 /* LGSideMenuSegue.m */; };
		D48EE4B61F9B2A2C00CB43A0 /* LGSideMenuController.m in Sources */ = {isa = PBXBuildFile; fileRef = D48EE4AE1F9B2A2C00CB43A0 /* LGSideMenuController.m */; };
		D48EE4B71F9B2A2C00CB43A0 /* LGSideMenuGesturesHandler.m in Sources */ = {isa = PBXBuildFile; fileRef = D48EE4AF1F9B2A2C00CB43A0 /* LGSideMenuGesturesHandler.m */; };
		D48EE4B81F9B2A2C00CB43A0 /* UIViewController+LGSideMenuController.m in Sources */ = {isa = PBXBuildFile; fileRef = D48EE4B01F9B2A2C00CB43A0 /* UIViewController+LGSideMenuController.m */; };
		D48EE4B91F9B2A2C00CB43A0 /* LGSideMenuBorderView.m in Sources */ = {isa = PBXBuildFile; fileRef = D48EE4B21F9B2A2C00CB43A0 /* LGSideMenuBorderView.m */; };
		D48EE4BF1F9B382C00CB43A0 /* SideMenuTableViewCell.m in Sources */ = {isa = PBXBuildFile; fileRef = D48EE4BD1F9B382C00CB43A0 /* SideMenuTableViewCell.m */; };
		D48EE4C01F9B382C00CB43A0 /* SideMenuTableViewCell.xib in Resources */ = {isa = PBXBuildFile; fileRef = D48EE4BE1F9B382C00CB43A0 /* SideMenuTableViewCell.xib */; };
		D48EE4C31F9B383C00CB43A0 /* SideMenuViewController.m in Sources */ = {isa = PBXBuildFile; fileRef = D48EE4C21F9B383C00CB43A0 /* SideMenuViewController.m */; };
		D49BFE871F9C6C39000D6638 /* EditProfileViewController.m in Sources */ = {isa = PBXBuildFile; fileRef = D49BFE861F9C6C39000D6638 /* EditProfileViewController.m */; };
		D49BFE8B1F9C6F60000D6638 /* SharedClass.m in Sources */ = {isa = PBXBuildFile; fileRef = D49BFE891F9C6F60000D6638 /* SharedClass.m */; };
		D49BFE901F9DF776000D6638 /* ProfileActivitiesCollectionViewCell.m in Sources */ = {isa = PBXBuildFile; fileRef = D49BFE8E1F9DF776000D6638 /* ProfileActivitiesCollectionViewCell.m */; };
		D49BFE911F9DF776000D6638 /* ProfileActivitiesCollectionViewCell.xib in Resources */ = {isa = PBXBuildFile; fileRef = D49BFE8F1F9DF776000D6638 /* ProfileActivitiesCollectionViewCell.xib */; };
		D49D78CF1FA6FE8F007670F9 /* ProfileAvailabilityCollectionViewCell.m in Sources */ = {isa = PBXBuildFile; fileRef = D49D78CD1FA6FE8F007670F9 /* ProfileAvailabilityCollectionViewCell.m */; };
		D49D78D01FA6FE8F007670F9 /* ProfileAvailabilityCollectionViewCell.xib in Resources */ = {isa = PBXBuildFile; fileRef = D49D78CE1FA6FE8F007670F9 /* ProfileAvailabilityCollectionViewCell.xib */; };
		D4A019B61F850F0200E311B7 /* main.m in Sources */ = {isa = PBXBuildFile; fileRef = D4A019B51F850F0200E311B7 /* main.m */; };
		D4A019B91F850F0200E311B7 /* AppDelegate.m in Sources */ = {isa = PBXBuildFile; fileRef = D4A019B81F850F0200E311B7 /* AppDelegate.m */; };
		D4A019BF1F850F0200E311B7 /* Main.storyboard in Resources */ = {isa = PBXBuildFile; fileRef = D4A019BD1F850F0200E311B7 /* Main.storyboard */; };
		D4A019C11F850F0200E311B7 /* Assets.xcassets in Resources */ = {isa = PBXBuildFile; fileRef = D4A019C01F850F0200E311B7 /* Assets.xcassets */; };
		D4A019C41F850F0200E311B7 /* LaunchScreen.storyboard in Resources */ = {isa = PBXBuildFile; fileRef = D4A019C21F850F0200E311B7 /* LaunchScreen.storyboard */; };
		D4A019CF1F850F0200E311B7 /* MindMeTests.m in Sources */ = {isa = PBXBuildFile; fileRef = D4A019CE1F850F0200E311B7 /* MindMeTests.m */; };
		D4A019DA1F850F0200E311B7 /* MindMeUITests.m in Sources */ = {isa = PBXBuildFile; fileRef = D4A019D91F850F0200E311B7 /* MindMeUITests.m */; };
		D4A019E91F85386C00E311B7 /* LoginViewController.m in Sources */ = {isa = PBXBuildFile; fileRef = D4A019E81F85386C00E311B7 /* LoginViewController.m */; };
		D4A019EC1F85482800E311B7 /* RegisterViewController.m in Sources */ = {isa = PBXBuildFile; fileRef = D4A019EB1F85482800E311B7 /* RegisterViewController.m */; };
		D4AD692B1F93363B009D57A7 /* AdsHomeViewController.m in Sources */ = {isa = PBXBuildFile; fileRef = D4AD692A1F93363B009D57A7 /* AdsHomeViewController.m */; };
		D4AD692F1F933668009D57A7 /* AdsHomeTableViewCell.m in Sources */ = {isa = PBXBuildFile; fileRef = D4AD692D1F933668009D57A7 /* AdsHomeTableViewCell.m */; };
		D4AD69301F933668009D57A7 /* AdsHomeTableViewCell.xib in Resources */ = {isa = PBXBuildFile; fileRef = D4AD692E1F933668009D57A7 /* AdsHomeTableViewCell.xib */; };
		D4F05F171FBD67E8002024F6 /* STCollapseTableView.m in Sources */ = {isa = PBXBuildFile; fileRef = D4F05F151FBD67E8002024F6 /* STCollapseTableView.m */; };
		D4F05F1C1FBD8F16002024F6 /* SideMenuSectionView.m in Sources */ = {isa = PBXBuildFile; fileRef = D4F05F1B1FBD8F16002024F6 /* SideMenuSectionView.m */; };
		D4F05F1E1FBD8F20002024F6 /* SideMenuSectionView.xib in Resources */ = {isa = PBXBuildFile; fileRef = D4F05F1D1FBD8F20002024F6 /* SideMenuSectionView.xib */; };
		D4F05F221FBDC02D002024F6 /* AdvertsTableViewCell.m in Sources */ = {isa = PBXBuildFile; fileRef = D4F05F201FBDC02D002024F6 /* AdvertsTableViewCell.m */; };
		D4F05F231FBDC02D002024F6 /* AdvertsTableViewCell.xib in Resources */ = {isa = PBXBuildFile; fileRef = D4F05F211FBDC02D002024F6 /* AdvertsTableViewCell.xib */; };
		D4F05F261FBDC35A002024F6 /* AdvertsViewController.m in Sources */ = {isa = PBXBuildFile; fileRef = D4F05F251FBDC35A002024F6 /* AdvertsViewController.m */; };
		D4F05F291FBDD18B002024F6 /* FeaturedCarerViewController.m in Sources */ = {isa = PBXBuildFile; fileRef = D4F05F281FBDD18B002024F6 /* FeaturedCarerViewController.m */; };
		D4F05F2C1FBDDC88002024F6 /* PaymentViewController.m in Sources */ = {isa = PBXBuildFile; fileRef = D4F05F2B1FBDDC88002024F6 /* PaymentViewController.m */; };
		D4F05F301FBDE5CD002024F6 /* FeaturedAdsTableViewCell.m in Sources */ = {isa = PBXBuildFile; fileRef = D4F05F2E1FBDE5CC002024F6 /* FeaturedAdsTableViewCell.m */; };
		D4F05F311FBDE5CD002024F6 /* FeaturedAdsTableViewCell.xib in Resources */ = {isa = PBXBuildFile; fileRef = D4F05F2F1FBDE5CD002024F6 /* FeaturedAdsTableViewCell.xib */; };
		D4F05F341FBEE4EE002024F6 /* FeaturedAdsViewController.m in Sources */ = {isa = PBXBuildFile; fileRef = D4F05F331FBEE4EE002024F6 /* FeaturedAdsViewController.m */; };
		D4F05F371FBEFBBE002024F6 /* FAQViewController.m in Sources */ = {isa = PBXBuildFile; fileRef = D4F05F361FBEFBBE002024F6 /* FAQViewController.m */; };
		D4F05F391FBEFD47002024F6 /* FAQSectionView.xib in Resources */ = {isa = PBXBuildFile; fileRef = D4F05F381FBEFD47002024F6 /* FAQSectionView.xib */; };
		D4F05F3C1FBEFD65002024F6 /* FAQSectionView.m in Sources */ = {isa = PBXBuildFile; fileRef = D4F05F3B1FBEFD65002024F6 /* FAQSectionView.m */; };
		D4F05F401FBF055E002024F6 /* FAQTableViewCell.m in Sources */ = {isa = PBXBuildFile; fileRef = D4F05F3E1FBF055E002024F6 /* FAQTableViewCell.m */; };
		D4F05F411FBF055E002024F6 /* FAQTableViewCell.xib in Resources */ = {isa = PBXBuildFile; fileRef = D4F05F3F1FBF055E002024F6 /* FAQTableViewCell.xib */; };
		D4F05F441FBF3D39002024F6 /* BuyPlanViewController.m in Sources */ = {isa = PBXBuildFile; fileRef = D4F05F431FBF3D39002024F6 /* BuyPlanViewController.m */; };
		D4F05F481FBFFBB9002024F6 /* CreateAdvertsCollectionViewCell.m in Sources */ = {isa = PBXBuildFile; fileRef = D4F05F461FBFFBB9002024F6 /* CreateAdvertsCollectionViewCell.m */; };
		D4F05F491FBFFBB9002024F6 /* CreateAdvertsCollectionViewCell.xib in Resources */ = {isa = PBXBuildFile; fileRef = D4F05F471FBFFBB9002024F6 /* CreateAdvertsCollectionViewCell.xib */; };
		D4F05F4C1FBFFD99002024F6 /* ChooseCareTypeViewController.m in Sources */ = {isa = PBXBuildFile; fileRef = D4F05F4B1FBFFD99002024F6 /* ChooseCareTypeViewController.m */; };
/* End PBXBuildFile section */

/* Begin PBXContainerItemProxy section */
		D4A019CB1F850F0200E311B7 /* PBXContainerItemProxy */ = {
			isa = PBXContainerItemProxy;
			containerPortal = D4A019A91F850F0200E311B7 /* Project object */;
			proxyType = 1;
			remoteGlobalIDString = D4A019B01F850F0200E311B7;
			remoteInfo = MindMe;
		};
		D4A019D61F850F0200E311B7 /* PBXContainerItemProxy */ = {
			isa = PBXContainerItemProxy;
			containerPortal = D4A019A91F850F0200E311B7 /* Project object */;
			proxyType = 1;
			remoteGlobalIDString = D4A019B01F850F0200E311B7;
			remoteInfo = MindMe;
		};
/* End PBXContainerItemProxy section */

/* Begin PBXFileReference section */
		D4041AEC1FC0153C001F312E /* YourInformationViewController.h */ = {isa = PBXFileReference; fileEncoding = 4; lastKnownFileType = sourcecode.c.h; path = YourInformationViewController.h; sourceTree = "<group>"; };
		D4041AED1FC0153C001F312E /* YourInformationViewController.m */ = {isa = PBXFileReference; fileEncoding = 4; lastKnownFileType = sourcecode.c.objc; path = YourInformationViewController.m; sourceTree = "<group>"; };
		D4041AEF1FC0232C001F312E /* YourAdvertViewController.h */ = {isa = PBXFileReference; fileEncoding = 4; lastKnownFileType = sourcecode.c.h; path = YourAdvertViewController.h; sourceTree = "<group>"; };
		D4041AF01FC0232C001F312E /* YourAdvertViewController.m */ = {isa = PBXFileReference; fileEncoding = 4; lastKnownFileType = sourcecode.c.objc; path = YourAdvertViewController.m; sourceTree = "<group>"; };
		D4041AF21FC031AD001F312E /* AdvertPDFCollectionViewCell.h */ = {isa = PBXFileReference; fileEncoding = 4; lastKnownFileType = sourcecode.c.h; path = AdvertPDFCollectionViewCell.h; sourceTree = "<group>"; };
		D4041AF31FC031AD001F312E /* AdvertPDFCollectionViewCell.m */ = {isa = PBXFileReference; fileEncoding = 4; lastKnownFileType = sourcecode.c.objc; path = AdvertPDFCollectionViewCell.m; sourceTree = "<group>"; };
		D4041AF41FC031AD001F312E /* AdvertPDFCollectionViewCell.xib */ = {isa = PBXFileReference; fileEncoding = 4; lastKnownFileType = file.xib; path = AdvertPDFCollectionViewCell.xib; sourceTree = "<group>"; };
		D4041AF71FC0C209001F312E /* SelectLanguageViewController.h */ = {isa = PBXFileReference; fileEncoding = 4; lastKnownFileType = sourcecode.c.h; path = SelectLanguageViewController.h; sourceTree = "<group>"; };
		D4041AF81FC0C209001F312E /* SelectLanguageViewController.m */ = {isa = PBXFileReference; fileEncoding = 4; lastKnownFileType = sourcecode.c.objc; path = SelectLanguageViewController.m; sourceTree = "<group>"; };
		D40CDD6D1FAEE89100213855 /* DrivingLicenseInfoViewController.h */ = {isa = PBXFileReference; fileEncoding = 4; lastKnownFileType = sourcecode.c.h; path = DrivingLicenseInfoViewController.h; sourceTree = "<group>"; };
		D40CDD6E1FAEE89100213855 /* DrivingLicenseInfoViewController.m */ = {isa = PBXFileReference; fileEncoding = 4; lastKnownFileType = sourcecode.c.objc; path = DrivingLicenseInfoViewController.m; sourceTree = "<group>"; };
		D415586E1FB42E6B0031E23F /* tmpAdsHome.png */ = {isa = PBXFileReference; lastKnownFileType = image.png; path = tmpAdsHome.png; sourceTree = "<group>"; };
		D41558701FB461A60031E23F /* AdsDetailViewController.h */ = {isa = PBXFileReference; fileEncoding = 4; lastKnownFileType = sourcecode.c.h; path = AdsDetailViewController.h; sourceTree = "<group>"; };
		D41558711FB461A60031E23F /* AdsDetailViewController.m */ = {isa = PBXFileReference; fileEncoding = 4; lastKnownFileType = sourcecode.c.objc; path = AdsDetailViewController.m; sourceTree = "<group>"; };
		D41558731FB4E9590031E23F /* ChangePasswordViewController.h */ = {isa = PBXFileReference; fileEncoding = 4; lastKnownFileType = sourcecode.c.h; path = ChangePasswordViewController.h; sourceTree = "<group>"; };
		D41558741FB4E9590031E23F /* ChangePasswordViewController.m */ = {isa = PBXFileReference; fileEncoding = 4; lastKnownFileType = sourcecode.c.objc; path = ChangePasswordViewController.m; sourceTree = "<group>"; };
		D420BFDD1FB5CD7A0071E30A /* FilterViewController.h */ = {isa = PBXFileReference; fileEncoding = 4; lastKnownFileType = sourcecode.c.h; path = FilterViewController.h; sourceTree = "<group>"; };
		D420BFDE1FB5CD7A0071E30A /* FilterViewController.m */ = {isa = PBXFileReference; fileEncoding = 4; lastKnownFileType = sourcecode.c.objc; path = FilterViewController.m; sourceTree = "<group>"; };
		D420BFDF1FB5CD7A0071E30A /* FilterViewController.xib */ = {isa = PBXFileReference; fileEncoding = 4; lastKnownFileType = file.xib; path = FilterViewController.xib; sourceTree = "<group>"; };
		D420BFE31FB817F50071E30A /* TTRangeSliderDelegate.h */ = {isa = PBXFileReference; fileEncoding = 4; lastKnownFileType = sourcecode.c.h; path = TTRangeSliderDelegate.h; sourceTree = "<group>"; };
		D420BFE41FB817F50071E30A /* TTRangeSlider.m */ = {isa = PBXFileReference; fileEncoding = 4; lastKnownFileType = sourcecode.c.objc; path = TTRangeSlider.m; sourceTree = "<group>"; };
		D420BFE51FB817F50071E30A /* TTRangeSlider.h */ = {isa = PBXFileReference; fileEncoding = 4; lastKnownFileType = sourcecode.c.h; path = TTRangeSlider.h; sourceTree = "<group>"; };
		D420BFE71FB82DD60071E30A /* FilterMiscTableViewCell.h */ = {isa = PBXFileReference; fileEncoding = 4; lastKnownFileType = sourcecode.c.h; path = FilterMiscTableViewCell.h; sourceTree = "<group>"; };
		D420BFE81FB82DD60071E30A /* FilterMiscTableViewCell.m */ = {isa = PBXFileReference; fileEncoding = 4; lastKnownFileType = sourcecode.c.objc; path = FilterMiscTableViewCell.m; sourceTree = "<group>"; };
		D420BFE91FB82DD60071E30A /* FilterMiscTableViewCell.xib */ = {isa = PBXFileReference; fileEncoding = 4; lastKnownFileType = file.xib; path = FilterMiscTableViewCell.xib; sourceTree = "<group>"; };
		D43143BD1F98E02B00FE0406 /* VisbyRoundCF-Medium.otf */ = {isa = PBXFileReference; lastKnownFileType = file; path = "VisbyRoundCF-Medium.otf"; sourceTree = "<group>"; };
		D43143BE1F98E02B00FE0406 /* VisbyRoundCF-Heavy.otf */ = {isa = PBXFileReference; lastKnownFileType = file; path = "VisbyRoundCF-Heavy.otf"; sourceTree = "<group>"; };
		D43143BF1F98E02B00FE0406 /* VisbyRoundCF-DemiBold.otf */ = {isa = PBXFileReference; lastKnownFileType = file; path = "VisbyRoundCF-DemiBold.otf"; sourceTree = "<group>"; };
		D43143C01F98E02B00FE0406 /* VisbyRoundCF-Light.otf */ = {isa = PBXFileReference; lastKnownFileType = file; path = "VisbyRoundCF-Light.otf"; sourceTree = "<group>"; };
		D43143C11F98E02B00FE0406 /* VisbyRoundCF-ExtraBold.otf */ = {isa = PBXFileReference; lastKnownFileType = file; path = "VisbyRoundCF-ExtraBold.otf"; sourceTree = "<group>"; };
		D43143C21F98E02B00FE0406 /* VisbyRoundCF-ExtraLight.otf */ = {isa = PBXFileReference; lastKnownFileType = file; path = "VisbyRoundCF-ExtraLight.otf"; sourceTree = "<group>"; };
		D43143C31F98E02B00FE0406 /* VisbyRoundCF-Regular.otf */ = {isa = PBXFileReference; lastKnownFileType = file; path = "VisbyRoundCF-Regular.otf"; sourceTree = "<group>"; };
		D43143C41F98E02B00FE0406 /* VisbyRoundCF-Bold.otf */ = {isa = PBXFileReference; lastKnownFileType = file; path = "VisbyRoundCF-Bold.otf"; sourceTree = "<group>"; };
		D43EE8CC1FB30AF100BE7E08 /* ContactUsViewController.h */ = {isa = PBXFileReference; fileEncoding = 4; lastKnownFileType = sourcecode.c.h; path = ContactUsViewController.h; sourceTree = "<group>"; };
		D43EE8CD1FB30AF100BE7E08 /* ContactUsViewController.m */ = {isa = PBXFileReference; fileEncoding = 4; lastKnownFileType = sourcecode.c.objc; path = ContactUsViewController.m; sourceTree = "<group>"; };
		D4736B4A1FBB05B7004A51A2 /* TTTAttributedLabel.h */ = {isa = PBXFileReference; fileEncoding = 4; lastKnownFileType = sourcecode.c.h; path = TTTAttributedLabel.h; sourceTree = "<group>"; };
		D4736B4B1FBB05B7004A51A2 /* TTTAttributedLabel.m */ = {isa = PBXFileReference; fileEncoding = 4; lastKnownFileType = sourcecode.c.objc; path = TTTAttributedLabel.m; sourceTree = "<group>"; };
		D4736B4D1FBB0B2A004A51A2 /* PrivacyPolicyViewController.h */ = {isa = PBXFileReference; fileEncoding = 4; lastKnownFileType = sourcecode.c.h; path = PrivacyPolicyViewController.h; sourceTree = "<group>"; };
		D4736B4E1FBB0B2A004A51A2 /* PrivacyPolicyViewController.m */ = {isa = PBXFileReference; fileEncoding = 4; lastKnownFileType = sourcecode.c.objc; path = PrivacyPolicyViewController.m; sourceTree = "<group>"; };
		D4736B501FBB1015004A51A2 /* TnCViewController.h */ = {isa = PBXFileReference; fileEncoding = 4; lastKnownFileType = sourcecode.c.h; path = TnCViewController.h; sourceTree = "<group>"; };
		D4736B511FBB1015004A51A2 /* TnCViewController.m */ = {isa = PBXFileReference; fileEncoding = 4; lastKnownFileType = sourcecode.c.objc; path = TnCViewController.m; sourceTree = "<group>"; };
		D4736B531FBC50A3004A51A2 /* FavoritesViewController.h */ = {isa = PBXFileReference; fileEncoding = 4; lastKnownFileType = sourcecode.c.h; path = FavoritesViewController.h; sourceTree = "<group>"; };
		D4736B541FBC50A3004A51A2 /* FavoritesViewController.m */ = {isa = PBXFileReference; fileEncoding = 4; lastKnownFileType = sourcecode.c.objc; path = FavoritesViewController.m; sourceTree = "<group>"; };
		D4736B561FBC60B6004A51A2 /* FavoritesTableViewCell.h */ = {isa = PBXFileReference; fileEncoding = 4; lastKnownFileType = sourcecode.c.h; path = FavoritesTableViewCell.h; sourceTree = "<group>"; };
		D4736B571FBC60B6004A51A2 /* FavoritesTableViewCell.m */ = {isa = PBXFileReference; fileEncoding = 4; lastKnownFileType = sourcecode.c.objc; path = FavoritesTableViewCell.m; sourceTree = "<group>"; };
		D4736B581FBC60B6004A51A2 /* FavoritesTableViewCell.xib */ = {isa = PBXFileReference; fileEncoding = 4; lastKnownFileType = file.xib; path = FavoritesTableViewCell.xib; sourceTree = "<group>"; };
		D48EE4A51F9B2A2C00CB43A0 /* LGSideMenuSegue.h */ = {isa = PBXFileReference; fileEncoding = 4; lastKnownFileType = sourcecode.c.h; path = LGSideMenuSegue.h; sourceTree = "<group>"; };
		D48EE4A61F9B2A2C00CB43A0 /* LGSideMenuView.h */ = {isa = PBXFileReference; fileEncoding = 4; lastKnownFileType = sourcecode.c.h; path = LGSideMenuView.h; sourceTree = "<group>"; };
		D48EE4A71F9B2A2C00CB43A0 /* LGSideMenuController.h */ = {isa = PBXFileReference; fileEncoding = 4; lastKnownFileType = sourcecode.c.h; path = LGSideMenuController.h; sourceTree = "<group>"; };
		D48EE4A81F9B2A2C00CB43A0 /* LGSideMenuGesturesHandler.h */ = {isa = PBXFileReference; fileEncoding = 4; lastKnownFileType = sourcecode.c.h; path = LGSideMenuGesturesHandler.h; sourceTree = "<group>"; };
		D48EE4A91F9B2A2C00CB43A0 /* LGSideMenuBorderView.h */ = {isa = PBXFileReference; fileEncoding = 4; lastKnownFileType = sourcecode.c.h; path = LGSideMenuBorderView.h; sourceTree = "<group>"; };
		D48EE4AA1F9B2A2C00CB43A0 /* LGSideMenuHelper.m */ = {isa = PBXFileReference; fileEncoding = 4; lastKnownFileType = sourcecode.c.objc; path = LGSideMenuHelper.m; sourceTree = "<group>"; };
		D48EE4AB1F9B2A2C00CB43A0 /* UIViewController+LGSideMenuController.h */ = {isa = PBXFileReference; fileEncoding = 4; lastKnownFileType = sourcecode.c.h; path = "UIViewController+LGSideMenuController.h"; sourceTree = "<group>"; };
		D48EE4AC1F9B2A2C00CB43A0 /* LGSideMenuView.m */ = {isa = PBXFileReference; fileEncoding = 4; lastKnownFileType = sourcecode.c.objc; path = LGSideMenuView.m; sourceTree = "<group>"; };
		D48EE4AD1F9B2A2C00CB43A0 /* LGSideMenuSegue.m */ = {isa = PBXFileReference; fileEncoding = 4; lastKnownFileType = sourcecode.c.objc; path = LGSideMenuSegue.m; sourceTree = "<group>"; };
		D48EE4AE1F9B2A2C00CB43A0 /* LGSideMenuController.m */ = {isa = PBXFileReference; fileEncoding = 4; lastKnownFileType = sourcecode.c.objc; path = LGSideMenuController.m; sourceTree = "<group>"; };
		D48EE4AF1F9B2A2C00CB43A0 /* LGSideMenuGesturesHandler.m */ = {isa = PBXFileReference; fileEncoding = 4; lastKnownFileType = sourcecode.c.objc; path = LGSideMenuGesturesHandler.m; sourceTree = "<group>"; };
		D48EE4B01F9B2A2C00CB43A0 /* UIViewController+LGSideMenuController.m */ = {isa = PBXFileReference; fileEncoding = 4; lastKnownFileType = sourcecode.c.objc; path = "UIViewController+LGSideMenuController.m"; sourceTree = "<group>"; };
		D48EE4B11F9B2A2C00CB43A0 /* LGSideMenuHelper.h */ = {isa = PBXFileReference; fileEncoding = 4; lastKnownFileType = sourcecode.c.h; path = LGSideMenuHelper.h; sourceTree = "<group>"; };
		D48EE4B21F9B2A2C00CB43A0 /* LGSideMenuBorderView.m */ = {isa = PBXFileReference; fileEncoding = 4; lastKnownFileType = sourcecode.c.objc; path = LGSideMenuBorderView.m; sourceTree = "<group>"; };
		D48EE4BC1F9B382C00CB43A0 /* SideMenuTableViewCell.h */ = {isa = PBXFileReference; fileEncoding = 4; lastKnownFileType = sourcecode.c.h; path = SideMenuTableViewCell.h; sourceTree = "<group>"; };
		D48EE4BD1F9B382C00CB43A0 /* SideMenuTableViewCell.m */ = {isa = PBXFileReference; fileEncoding = 4; lastKnownFileType = sourcecode.c.objc; path = SideMenuTableViewCell.m; sourceTree = "<group>"; };
		D48EE4BE1F9B382C00CB43A0 /* SideMenuTableViewCell.xib */ = {isa = PBXFileReference; fileEncoding = 4; lastKnownFileType = file.xib; path = SideMenuTableViewCell.xib; sourceTree = "<group>"; };
		D48EE4C11F9B383C00CB43A0 /* SideMenuViewController.h */ = {isa = PBXFileReference; fileEncoding = 4; lastKnownFileType = sourcecode.c.h; path = SideMenuViewController.h; sourceTree = "<group>"; };
		D48EE4C21F9B383C00CB43A0 /* SideMenuViewController.m */ = {isa = PBXFileReference; fileEncoding = 4; lastKnownFileType = sourcecode.c.objc; path = SideMenuViewController.m; sourceTree = "<group>"; };
		D49BFE851F9C6C39000D6638 /* EditProfileViewController.h */ = {isa = PBXFileReference; fileEncoding = 4; lastKnownFileType = sourcecode.c.h; path = EditProfileViewController.h; sourceTree = "<group>"; };
		D49BFE861F9C6C39000D6638 /* EditProfileViewController.m */ = {isa = PBXFileReference; fileEncoding = 4; lastKnownFileType = sourcecode.c.objc; path = EditProfileViewController.m; sourceTree = "<group>"; };
		D49BFE891F9C6F60000D6638 /* SharedClass.m */ = {isa = PBXFileReference; fileEncoding = 4; lastKnownFileType = sourcecode.c.objc; path = SharedClass.m; sourceTree = "<group>"; };
		D49BFE8A1F9C6F60000D6638 /* SharedClass.h */ = {isa = PBXFileReference; fileEncoding = 4; lastKnownFileType = sourcecode.c.h; path = SharedClass.h; sourceTree = "<group>"; };
		D49BFE8C1F9C7143000D6638 /* PrefixHeader.pch */ = {isa = PBXFileReference; lastKnownFileType = sourcecode.c.h; path = PrefixHeader.pch; sourceTree = "<group>"; };
		D49BFE8D1F9DF776000D6638 /* ProfileActivitiesCollectionViewCell.h */ = {isa = PBXFileReference; fileEncoding = 4; lastKnownFileType = sourcecode.c.h; path = ProfileActivitiesCollectionViewCell.h; sourceTree = "<group>"; };
		D49BFE8E1F9DF776000D6638 /* ProfileActivitiesCollectionViewCell.m */ = {isa = PBXFileReference; fileEncoding = 4; lastKnownFileType = sourcecode.c.objc; path = ProfileActivitiesCollectionViewCell.m; sourceTree = "<group>"; };
		D49BFE8F1F9DF776000D6638 /* ProfileActivitiesCollectionViewCell.xib */ = {isa = PBXFileReference; fileEncoding = 4; lastKnownFileType = file.xib; path = ProfileActivitiesCollectionViewCell.xib; sourceTree = "<group>"; };
		D49D78CC1FA6FE8F007670F9 /* ProfileAvailabilityCollectionViewCell.h */ = {isa = PBXFileReference; fileEncoding = 4; lastKnownFileType = sourcecode.c.h; path = ProfileAvailabilityCollectionViewCell.h; sourceTree = "<group>"; };
		D49D78CD1FA6FE8F007670F9 /* ProfileAvailabilityCollectionViewCell.m */ = {isa = PBXFileReference; fileEncoding = 4; lastKnownFileType = sourcecode.c.objc; path = ProfileAvailabilityCollectionViewCell.m; sourceTree = "<group>"; };
		D49D78CE1FA6FE8F007670F9 /* ProfileAvailabilityCollectionViewCell.xib */ = {isa = PBXFileReference; fileEncoding = 4; lastKnownFileType = file.xib; path = ProfileAvailabilityCollectionViewCell.xib; sourceTree = "<group>"; };
		D4A019B11F850F0200E311B7 /* MindMe.app */ = {isa = PBXFileReference; explicitFileType = wrapper.application; includeInIndex = 0; path = MindMe.app; sourceTree = BUILT_PRODUCTS_DIR; };
		D4A019B51F850F0200E311B7 /* main.m */ = {isa = PBXFileReference; lastKnownFileType = sourcecode.c.objc; path = main.m; sourceTree = "<group>"; };
		D4A019B71F850F0200E311B7 /* AppDelegate.h */ = {isa = PBXFileReference; lastKnownFileType = sourcecode.c.h; path = AppDelegate.h; sourceTree = "<group>"; };
		D4A019B81F850F0200E311B7 /* AppDelegate.m */ = {isa = PBXFileReference; lastKnownFileType = sourcecode.c.objc; path = AppDelegate.m; sourceTree = "<group>"; };
		D4A019BE1F850F0200E311B7 /* Base */ = {isa = PBXFileReference; lastKnownFileType = file.storyboard; name = Base; path = Base.lproj/Main.storyboard; sourceTree = "<group>"; };
		D4A019C01F850F0200E311B7 /* Assets.xcassets */ = {isa = PBXFileReference; lastKnownFileType = folder.assetcatalog; path = Assets.xcassets; sourceTree = "<group>"; };
		D4A019C31F850F0200E311B7 /* Base */ = {isa = PBXFileReference; lastKnownFileType = file.storyboard; name = Base; path = Base.lproj/LaunchScreen.storyboard; sourceTree = "<group>"; };
		D4A019C51F850F0200E311B7 /* Info.plist */ = {isa = PBXFileReference; lastKnownFileType = text.plist.xml; path = Info.plist; sourceTree = "<group>"; };
		D4A019CA1F850F0200E311B7 /* MindMeTests.xctest */ = {isa = PBXFileReference; explicitFileType = wrapper.cfbundle; includeInIndex = 0; path = MindMeTests.xctest; sourceTree = BUILT_PRODUCTS_DIR; };
		D4A019CE1F850F0200E311B7 /* MindMeTests.m */ = {isa = PBXFileReference; lastKnownFileType = sourcecode.c.objc; path = MindMeTests.m; sourceTree = "<group>"; };
		D4A019D01F850F0200E311B7 /* Info.plist */ = {isa = PBXFileReference; lastKnownFileType = text.plist.xml; path = Info.plist; sourceTree = "<group>"; };
		D4A019D51F850F0200E311B7 /* MindMeUITests.xctest */ = {isa = PBXFileReference; explicitFileType = wrapper.cfbundle; includeInIndex = 0; path = MindMeUITests.xctest; sourceTree = BUILT_PRODUCTS_DIR; };
		D4A019D91F850F0200E311B7 /* MindMeUITests.m */ = {isa = PBXFileReference; lastKnownFileType = sourcecode.c.objc; path = MindMeUITests.m; sourceTree = "<group>"; };
		D4A019DB1F850F0200E311B7 /* Info.plist */ = {isa = PBXFileReference; lastKnownFileType = text.plist.xml; path = Info.plist; sourceTree = "<group>"; };
		D4A019E71F85386C00E311B7 /* LoginViewController.h */ = {isa = PBXFileReference; fileEncoding = 4; lastKnownFileType = sourcecode.c.h; path = LoginViewController.h; sourceTree = "<group>"; };
		D4A019E81F85386C00E311B7 /* LoginViewController.m */ = {isa = PBXFileReference; fileEncoding = 4; lastKnownFileType = sourcecode.c.objc; path = LoginViewController.m; sourceTree = "<group>"; };
		D4A019EA1F85482800E311B7 /* RegisterViewController.h */ = {isa = PBXFileReference; fileEncoding = 4; lastKnownFileType = sourcecode.c.h; path = RegisterViewController.h; sourceTree = "<group>"; };
		D4A019EB1F85482800E311B7 /* RegisterViewController.m */ = {isa = PBXFileReference; fileEncoding = 4; lastKnownFileType = sourcecode.c.objc; path = RegisterViewController.m; sourceTree = "<group>"; };
		D4AD69291F93363B009D57A7 /* AdsHomeViewController.h */ = {isa = PBXFileReference; fileEncoding = 4; lastKnownFileType = sourcecode.c.h; path = AdsHomeViewController.h; sourceTree = "<group>"; };
		D4AD692A1F93363B009D57A7 /* AdsHomeViewController.m */ = {isa = PBXFileReference; fileEncoding = 4; lastKnownFileType = sourcecode.c.objc; path = AdsHomeViewController.m; sourceTree = "<group>"; };
		D4AD692C1F933668009D57A7 /* AdsHomeTableViewCell.h */ = {isa = PBXFileReference; fileEncoding = 4; lastKnownFileType = sourcecode.c.h; path = AdsHomeTableViewCell.h; sourceTree = "<group>"; };
		D4AD692D1F933668009D57A7 /* AdsHomeTableViewCell.m */ = {isa = PBXFileReference; fileEncoding = 4; lastKnownFileType = sourcecode.c.objc; path = AdsHomeTableViewCell.m; sourceTree = "<group>"; };
		D4AD692E1F933668009D57A7 /* AdsHomeTableViewCell.xib */ = {isa = PBXFileReference; fileEncoding = 4; lastKnownFileType = file.xib; path = AdsHomeTableViewCell.xib; sourceTree = "<group>"; };
		D4F05F151FBD67E8002024F6 /* STCollapseTableView.m */ = {isa = PBXFileReference; fileEncoding = 4; lastKnownFileType = sourcecode.c.objc; path = STCollapseTableView.m; sourceTree = "<group>"; };
		D4F05F161FBD67E8002024F6 /* STCollapseTableView.h */ = {isa = PBXFileReference; fileEncoding = 4; lastKnownFileType = sourcecode.c.h; path = STCollapseTableView.h; sourceTree = "<group>"; };
		D4F05F1A1FBD8F16002024F6 /* SideMenuSectionView.h */ = {isa = PBXFileReference; fileEncoding = 4; lastKnownFileType = sourcecode.c.h; path = SideMenuSectionView.h; sourceTree = "<group>"; };
		D4F05F1B1FBD8F16002024F6 /* SideMenuSectionView.m */ = {isa = PBXFileReference; fileEncoding = 4; lastKnownFileType = sourcecode.c.objc; path = SideMenuSectionView.m; sourceTree = "<group>"; };
		D4F05F1D1FBD8F20002024F6 /* SideMenuSectionView.xib */ = {isa = PBXFileReference; fileEncoding = 4; lastKnownFileType = file.xib; path = SideMenuSectionView.xib; sourceTree = "<group>"; };
		D4F05F1F1FBDC02D002024F6 /* AdvertsTableViewCell.h */ = {isa = PBXFileReference; fileEncoding = 4; lastKnownFileType = sourcecode.c.h; path = AdvertsTableViewCell.h; sourceTree = "<group>"; };
		D4F05F201FBDC02D002024F6 /* AdvertsTableViewCell.m */ = {isa = PBXFileReference; fileEncoding = 4; lastKnownFileType = sourcecode.c.objc; path = AdvertsTableViewCell.m; sourceTree = "<group>"; };
		D4F05F211FBDC02D002024F6 /* AdvertsTableViewCell.xib */ = {isa = PBXFileReference; fileEncoding = 4; lastKnownFileType = file.xib; path = AdvertsTableViewCell.xib; sourceTree = "<group>"; };
		D4F05F241FBDC35A002024F6 /* AdvertsViewController.h */ = {isa = PBXFileReference; fileEncoding = 4; lastKnownFileType = sourcecode.c.h; path = AdvertsViewController.h; sourceTree = "<group>"; };
		D4F05F251FBDC35A002024F6 /* AdvertsViewController.m */ = {isa = PBXFileReference; fileEncoding = 4; lastKnownFileType = sourcecode.c.objc; path = AdvertsViewController.m; sourceTree = "<group>"; };
		D4F05F271FBDD18B002024F6 /* FeaturedCarerViewController.h */ = {isa = PBXFileReference; fileEncoding = 4; lastKnownFileType = sourcecode.c.h; path = FeaturedCarerViewController.h; sourceTree = "<group>"; };
		D4F05F281FBDD18B002024F6 /* FeaturedCarerViewController.m */ = {isa = PBXFileReference; fileEncoding = 4; lastKnownFileType = sourcecode.c.objc; path = FeaturedCarerViewController.m; sourceTree = "<group>"; };
		D4F05F2A1FBDDC88002024F6 /* PaymentViewController.h */ = {isa = PBXFileReference; fileEncoding = 4; lastKnownFileType = sourcecode.c.h; path = PaymentViewController.h; sourceTree = "<group>"; };
		D4F05F2B1FBDDC88002024F6 /* PaymentViewController.m */ = {isa = PBXFileReference; fileEncoding = 4; lastKnownFileType = sourcecode.c.objc; path = PaymentViewController.m; sourceTree = "<group>"; };
		D4F05F2D1FBDE5CC002024F6 /* FeaturedAdsTableViewCell.h */ = {isa = PBXFileReference; fileEncoding = 4; lastKnownFileType = sourcecode.c.h; path = FeaturedAdsTableViewCell.h; sourceTree = "<group>"; };
		D4F05F2E1FBDE5CC002024F6 /* FeaturedAdsTableViewCell.m */ = {isa = PBXFileReference; fileEncoding = 4; lastKnownFileType = sourcecode.c.objc; path = FeaturedAdsTableViewCell.m; sourceTree = "<group>"; };
		D4F05F2F1FBDE5CD002024F6 /* FeaturedAdsTableViewCell.xib */ = {isa = PBXFileReference; fileEncoding = 4; lastKnownFileType = file.xib; path = FeaturedAdsTableViewCell.xib; sourceTree = "<group>"; };
		D4F05F321FBEE4EE002024F6 /* FeaturedAdsViewController.h */ = {isa = PBXFileReference; fileEncoding = 4; lastKnownFileType = sourcecode.c.h; path = FeaturedAdsViewController.h; sourceTree = "<group>"; };
		D4F05F331FBEE4EE002024F6 /* FeaturedAdsViewController.m */ = {isa = PBXFileReference; fileEncoding = 4; lastKnownFileType = sourcecode.c.objc; path = FeaturedAdsViewController.m; sourceTree = "<group>"; };
		D4F05F351FBEFBBE002024F6 /* FAQViewController.h */ = {isa = PBXFileReference; fileEncoding = 4; lastKnownFileType = sourcecode.c.h; path = FAQViewController.h; sourceTree = "<group>"; };
		D4F05F361FBEFBBE002024F6 /* FAQViewController.m */ = {isa = PBXFileReference; fileEncoding = 4; lastKnownFileType = sourcecode.c.objc; path = FAQViewController.m; sourceTree = "<group>"; };
		D4F05F381FBEFD47002024F6 /* FAQSectionView.xib */ = {isa = PBXFileReference; fileEncoding = 4; lastKnownFileType = file.xib; path = FAQSectionView.xib; sourceTree = "<group>"; };
		D4F05F3A1FBEFD65002024F6 /* FAQSectionView.h */ = {isa = PBXFileReference; fileEncoding = 4; lastKnownFileType = sourcecode.c.h; path = FAQSectionView.h; sourceTree = "<group>"; };
		D4F05F3B1FBEFD65002024F6 /* FAQSectionView.m */ = {isa = PBXFileReference; fileEncoding = 4; lastKnownFileType = sourcecode.c.objc; path = FAQSectionView.m; sourceTree = "<group>"; };
		D4F05F3D1FBF055E002024F6 /* FAQTableViewCell.h */ = {isa = PBXFileReference; fileEncoding = 4; lastKnownFileType = sourcecode.c.h; path = FAQTableViewCell.h; sourceTree = "<group>"; };
		D4F05F3E1FBF055E002024F6 /* FAQTableViewCell.m */ = {isa = PBXFileReference; fileEncoding = 4; lastKnownFileType = sourcecode.c.objc; path = FAQTableViewCell.m; sourceTree = "<group>"; };
		D4F05F3F1FBF055E002024F6 /* FAQTableViewCell.xib */ = {isa = PBXFileReference; fileEncoding = 4; lastKnownFileType = file.xib; path = FAQTableViewCell.xib; sourceTree = "<group>"; };
		D4F05F421FBF3D39002024F6 /* BuyPlanViewController.h */ = {isa = PBXFileReference; fileEncoding = 4; lastKnownFileType = sourcecode.c.h; path = BuyPlanViewController.h; sourceTree = "<group>"; };
		D4F05F431FBF3D39002024F6 /* BuyPlanViewController.m */ = {isa = PBXFileReference; fileEncoding = 4; lastKnownFileType = sourcecode.c.objc; path = BuyPlanViewController.m; sourceTree = "<group>"; };
		D4F05F451FBFFBB9002024F6 /* CreateAdvertsCollectionViewCell.h */ = {isa = PBXFileReference; fileEncoding = 4; lastKnownFileType = sourcecode.c.h; path = CreateAdvertsCollectionViewCell.h; sourceTree = "<group>"; };
		D4F05F461FBFFBB9002024F6 /* CreateAdvertsCollectionViewCell.m */ = {isa = PBXFileReference; fileEncoding = 4; lastKnownFileType = sourcecode.c.objc; path = CreateAdvertsCollectionViewCell.m; sourceTree = "<group>"; };
		D4F05F471FBFFBB9002024F6 /* CreateAdvertsCollectionViewCell.xib */ = {isa = PBXFileReference; fileEncoding = 4; lastKnownFileType = file.xib; path = CreateAdvertsCollectionViewCell.xib; sourceTree = "<group>"; };
		D4F05F4A1FBFFD99002024F6 /* ChooseCareTypeViewController.h */ = {isa = PBXFileReference; fileEncoding = 4; lastKnownFileType = sourcecode.c.h; path = ChooseCareTypeViewController.h; sourceTree = "<group>"; };
		D4F05F4B1FBFFD99002024F6 /* ChooseCareTypeViewController.m */ = {isa = PBXFileReference; fileEncoding = 4; lastKnownFileType = sourcecode.c.objc; path = ChooseCareTypeViewController.m; sourceTree = "<group>"; };
/* End PBXFileReference section */

/* Begin PBXFrameworksBuildPhase section */
		D4A019AE1F850F0200E311B7 /* Frameworks */ = {
			isa = PBXFrameworksBuildPhase;
			buildActionMask = 2147483647;
			files = (
			);
			runOnlyForDeploymentPostprocessing = 0;
		};
		D4A019C71F850F0200E311B7 /* Frameworks */ = {
			isa = PBXFrameworksBuildPhase;
			buildActionMask = 2147483647;
			files = (
			);
			runOnlyForDeploymentPostprocessing = 0;
		};
		D4A019D21F850F0200E311B7 /* Frameworks */ = {
			isa = PBXFrameworksBuildPhase;
			buildActionMask = 2147483647;
			files = (
			);
			runOnlyForDeploymentPostprocessing = 0;
		};
/* End PBXFrameworksBuildPhase section */

/* Begin PBXGroup section */
		D420BFE21FB817F50071E30A /* TTRangeSlider */ = {
			isa = PBXGroup;
			children = (
				D420BFE31FB817F50071E30A /* TTRangeSliderDelegate.h */,
				D420BFE41FB817F50071E30A /* TTRangeSlider.m */,
				D420BFE51FB817F50071E30A /* TTRangeSlider.h */,
			);
			name = TTRangeSlider;
			path = Classes;
			sourceTree = "<group>";
		};
		D43143BC1F98E02B00FE0406 /* Resources */ = {
			isa = PBXGroup;
			children = (
				D415586E1FB42E6B0031E23F /* tmpAdsHome.png */,
				D43143BD1F98E02B00FE0406 /* VisbyRoundCF-Medium.otf */,
				D43143BE1F98E02B00FE0406 /* VisbyRoundCF-Heavy.otf */,
				D43143BF1F98E02B00FE0406 /* VisbyRoundCF-DemiBold.otf */,
				D43143C01F98E02B00FE0406 /* VisbyRoundCF-Light.otf */,
				D43143C11F98E02B00FE0406 /* VisbyRoundCF-ExtraBold.otf */,
				D43143C21F98E02B00FE0406 /* VisbyRoundCF-ExtraLight.otf */,
				D43143C31F98E02B00FE0406 /* VisbyRoundCF-Regular.otf */,
				D43143C41F98E02B00FE0406 /* VisbyRoundCF-Bold.otf */,
			);
			path = Resources;
			sourceTree = "<group>";
		};
		D4736B491FBB05B7004A51A2 /* TTTAttributedLabel */ = {
			isa = PBXGroup;
			children = (
				D4736B4A1FBB05B7004A51A2 /* TTTAttributedLabel.h */,
				D4736B4B1FBB05B7004A51A2 /* TTTAttributedLabel.m */,
			);
			name = TTTAttributedLabel;
			path = ../TTTAttributedLabel;
			sourceTree = "<group>";
		};
		D48EE4A31F9B2A2400CB43A0 /* Library */ = {
			isa = PBXGroup;
			children = (
				D4F05F141FBD67E8002024F6 /* STCollapseTableView */,
				D4736B491FBB05B7004A51A2 /* TTTAttributedLabel */,
				D420BFE21FB817F50071E30A /* TTRangeSlider */,
				D48EE4A41F9B2A2C00CB43A0 /* LGSideMenuController */,
			);
			path = Library;
			sourceTree = "<group>";
		};
		D48EE4A41F9B2A2C00CB43A0 /* LGSideMenuController */ = {
			isa = PBXGroup;
			children = (
				D48EE4A51F9B2A2C00CB43A0 /* LGSideMenuSegue.h */,
				D48EE4A61F9B2A2C00CB43A0 /* LGSideMenuView.h */,
				D48EE4A71F9B2A2C00CB43A0 /* LGSideMenuController.h */,
				D48EE4A81F9B2A2C00CB43A0 /* LGSideMenuGesturesHandler.h */,
				D48EE4A91F9B2A2C00CB43A0 /* LGSideMenuBorderView.h */,
				D48EE4AA1F9B2A2C00CB43A0 /* LGSideMenuHelper.m */,
				D48EE4AB1F9B2A2C00CB43A0 /* UIViewController+LGSideMenuController.h */,
				D48EE4AC1F9B2A2C00CB43A0 /* LGSideMenuView.m */,
				D48EE4AD1F9B2A2C00CB43A0 /* LGSideMenuSegue.m */,
				D48EE4AE1F9B2A2C00CB43A0 /* LGSideMenuController.m */,
				D48EE4AF1F9B2A2C00CB43A0 /* LGSideMenuGesturesHandler.m */,
				D48EE4B01F9B2A2C00CB43A0 /* UIViewController+LGSideMenuController.m */,
				D48EE4B11F9B2A2C00CB43A0 /* LGSideMenuHelper.h */,
				D48EE4B21F9B2A2C00CB43A0 /* LGSideMenuBorderView.m */,
			);
			path = LGSideMenuController;
			sourceTree = "<group>";
		};
		D49BFE881F9C6F60000D6638 /* Helpers */ = {
			isa = PBXGroup;
			children = (
				D49BFE8A1F9C6F60000D6638 /* SharedClass.h */,
				D49BFE891F9C6F60000D6638 /* SharedClass.m */,
			);
			path = Helpers;
			sourceTree = "<group>";
		};
		D4A019A81F850F0200E311B7 = {
			isa = PBXGroup;
			children = (
				D4A019B31F850F0200E311B7 /* MindMe */,
				D4A019CD1F850F0200E311B7 /* MindMeTests */,
				D4A019D81F850F0200E311B7 /* MindMeUITests */,
				D4A019B21F850F0200E311B7 /* Products */,
			);
			sourceTree = "<group>";
		};
		D4A019B21F850F0200E311B7 /* Products */ = {
			isa = PBXGroup;
			children = (
				D4A019B11F850F0200E311B7 /* MindMe.app */,
				D4A019CA1F850F0200E311B7 /* MindMeTests.xctest */,
				D4A019D51F850F0200E311B7 /* MindMeUITests.xctest */,
			);
			name = Products;
			sourceTree = "<group>";
		};
		D4A019B31F850F0200E311B7 /* MindMe */ = {
			isa = PBXGroup;
			children = (
				D4AD69271F9335FA009D57A7 /* Custom Controls */,
				D4A019B71F850F0200E311B7 /* AppDelegate.h */,
				D4A019B81F850F0200E311B7 /* AppDelegate.m */,
				D4A019BD1F850F0200E311B7 /* Main.storyboard */,
				D4A019C01F850F0200E311B7 /* Assets.xcassets */,
				D4A019C21F850F0200E311B7 /* LaunchScreen.storyboard */,
				D4A019C51F850F0200E311B7 /* Info.plist */,
				D49BFE881F9C6F60000D6638 /* Helpers */,
				D48EE4A31F9B2A2400CB43A0 /* Library */,
				D43143BC1F98E02B00FE0406 /* Resources */,
				D4A019B41F850F0200E311B7 /* Supporting Files */,
				D4A019E71F85386C00E311B7 /* LoginViewController.h */,
				D4A019E81F85386C00E311B7 /* LoginViewController.m */,
				D4A019EA1F85482800E311B7 /* RegisterViewController.h */,
				D4A019EB1F85482800E311B7 /* RegisterViewController.m */,
				D41558731FB4E9590031E23F /* ChangePasswordViewController.h */,
				D41558741FB4E9590031E23F /* ChangePasswordViewController.m */,
				D48EE4C11F9B383C00CB43A0 /* SideMenuViewController.h */,
				D48EE4C21F9B383C00CB43A0 /* SideMenuViewController.m */,
				D4AD69291F93363B009D57A7 /* AdsHomeViewController.h */,
				D4AD692A1F93363B009D57A7 /* AdsHomeViewController.m */,
				D41558701FB461A60031E23F /* AdsDetailViewController.h */,
				D41558711FB461A60031E23F /* AdsDetailViewController.m */,
				D49BFE851F9C6C39000D6638 /* EditProfileViewController.h */,
				D49BFE861F9C6C39000D6638 /* EditProfileViewController.m */,
				D40CDD6D1FAEE89100213855 /* DrivingLicenseInfoViewController.h */,
				D40CDD6E1FAEE89100213855 /* DrivingLicenseInfoViewController.m */,
				D43EE8CC1FB30AF100BE7E08 /* ContactUsViewController.h */,
				D43EE8CD1FB30AF100BE7E08 /* ContactUsViewController.m */,
				D4736B4D1FBB0B2A004A51A2 /* PrivacyPolicyViewController.h */,
				D4736B4E1FBB0B2A004A51A2 /* PrivacyPolicyViewController.m */,
				D4736B501FBB1015004A51A2 /* TnCViewController.h */,
				D4736B511FBB1015004A51A2 /* TnCViewController.m */,
				D4736B531FBC50A3004A51A2 /* FavoritesViewController.h */,
				D4736B541FBC50A3004A51A2 /* FavoritesViewController.m */,
				D4F05F241FBDC35A002024F6 /* AdvertsViewController.h */,
				D4F05F251FBDC35A002024F6 /* AdvertsViewController.m */,
				D4F05F271FBDD18B002024F6 /* FeaturedCarerViewController.h */,
				D4F05F281FBDD18B002024F6 /* FeaturedCarerViewController.m */,
				D4F05F2A1FBDDC88002024F6 /* PaymentViewController.h */,
				D4F05F2B1FBDDC88002024F6 /* PaymentViewController.m */,
				D4F05F321FBEE4EE002024F6 /* FeaturedAdsViewController.h */,
				D4F05F331FBEE4EE002024F6 /* FeaturedAdsViewController.m */,
				D4F05F351FBEFBBE002024F6 /* FAQViewController.h */,
				D4F05F361FBEFBBE002024F6 /* FAQViewController.m */,
				D4F05F421FBF3D39002024F6 /* BuyPlanViewController.h */,
				D4F05F431FBF3D39002024F6 /* BuyPlanViewController.m */,
				D4F05F4A1FBFFD99002024F6 /* ChooseCareTypeViewController.h */,
				D4F05F4B1FBFFD99002024F6 /* ChooseCareTypeViewController.m */,
				D4041AEC1FC0153C001F312E /* YourInformationViewController.h */,
				D4041AED1FC0153C001F312E /* YourInformationViewController.m */,
				D4041AEF1FC0232C001F312E /* YourAdvertViewController.h */,
				D4041AF01FC0232C001F312E /* YourAdvertViewController.m */,
				D4041AF71FC0C209001F312E /* SelectLanguageViewController.h */,
				D4041AF81FC0C209001F312E /* SelectLanguageViewController.m */,
			);
			path = MindMe;
			sourceTree = "<group>";
		};
		D4A019B41F850F0200E311B7 /* Supporting Files */ = {
			isa = PBXGroup;
			children = (
				D4A019B51F850F0200E311B7 /* main.m */,
				D49BFE8C1F9C7143000D6638 /* PrefixHeader.pch */,
			);
			name = "Supporting Files";
			sourceTree = "<group>";
		};
		D4A019CD1F850F0200E311B7 /* MindMeTests */ = {
			isa = PBXGroup;
			children = (
				D4A019CE1F850F0200E311B7 /* MindMeTests.m */,
				D4A019D01F850F0200E311B7 /* Info.plist */,
			);
			path = MindMeTests;
			sourceTree = "<group>";
		};
		D4A019D81F850F0200E311B7 /* MindMeUITests */ = {
			isa = PBXGroup;
			children = (
				D4A019D91F850F0200E311B7 /* MindMeUITests.m */,
				D4A019DB1F850F0200E311B7 /* Info.plist */,
			);
			path = MindMeUITests;
			sourceTree = "<group>";
		};
		D4AD69271F9335FA009D57A7 /* Custom Controls */ = {
			isa = PBXGroup;
			children = (
				D4AD69281F9335FA009D57A7 /* Cells */,
				D420BFDD1FB5CD7A0071E30A /* FilterViewController.h */,
				D420BFDE1FB5CD7A0071E30A /* FilterViewController.m */,
				D420BFDF1FB5CD7A0071E30A /* FilterViewController.xib */,
				D4F05F1A1FBD8F16002024F6 /* SideMenuSectionView.h */,
				D4F05F1B1FBD8F16002024F6 /* SideMenuSectionView.m */,
				D4F05F1D1FBD8F20002024F6 /* SideMenuSectionView.xib */,
				D4F05F3A1FBEFD65002024F6 /* FAQSectionView.h */,
				D4F05F3B1FBEFD65002024F6 /* FAQSectionView.m */,
				D4F05F381FBEFD47002024F6 /* FAQSectionView.xib */,
			);
			path = "Custom Controls";
			sourceTree = "<group>";
		};
		D4AD69281F9335FA009D57A7 /* Cells */ = {
			isa = PBXGroup;
			children = (
				D4AD692C1F933668009D57A7 /* AdsHomeTableViewCell.h */,
				D4AD692D1F933668009D57A7 /* AdsHomeTableViewCell.m */,
				D4AD692E1F933668009D57A7 /* AdsHomeTableViewCell.xib */,
				D48EE4BC1F9B382C00CB43A0 /* SideMenuTableViewCell.h */,
				D48EE4BD1F9B382C00CB43A0 /* SideMenuTableViewCell.m */,
				D48EE4BE1F9B382C00CB43A0 /* SideMenuTableViewCell.xib */,
				D49BFE8D1F9DF776000D6638 /* ProfileActivitiesCollectionViewCell.h */,
				D49BFE8E1F9DF776000D6638 /* ProfileActivitiesCollectionViewCell.m */,
				D49BFE8F1F9DF776000D6638 /* ProfileActivitiesCollectionViewCell.xib */,
				D49D78CC1FA6FE8F007670F9 /* ProfileAvailabilityCollectionViewCell.h */,
				D49D78CD1FA6FE8F007670F9 /* ProfileAvailabilityCollectionViewCell.m */,
				D49D78CE1FA6FE8F007670F9 /* ProfileAvailabilityCollectionViewCell.xib */,
				D420BFE71FB82DD60071E30A /* FilterMiscTableViewCell.h */,
				D420BFE81FB82DD60071E30A /* FilterMiscTableViewCell.m */,
				D420BFE91FB82DD60071E30A /* FilterMiscTableViewCell.xib */,
				D4736B561FBC60B6004A51A2 /* FavoritesTableViewCell.h */,
				D4736B571FBC60B6004A51A2 /* FavoritesTableViewCell.m */,
				D4736B581FBC60B6004A51A2 /* FavoritesTableViewCell.xib */,
				D4F05F1F1FBDC02D002024F6 /* AdvertsTableViewCell.h */,
				D4F05F201FBDC02D002024F6 /* AdvertsTableViewCell.m */,
				D4F05F211FBDC02D002024F6 /* AdvertsTableViewCell.xib */,
				D4F05F2D1FBDE5CC002024F6 /* FeaturedAdsTableViewCell.h */,
				D4F05F2E1FBDE5CC002024F6 /* FeaturedAdsTableViewCell.m */,
				D4F05F2F1FBDE5CD002024F6 /* FeaturedAdsTableViewCell.xib */,
				D4F05F3D1FBF055E002024F6 /* FAQTableViewCell.h */,
				D4F05F3E1FBF055E002024F6 /* FAQTableViewCell.m */,
				D4F05F3F1FBF055E002024F6 /* FAQTableViewCell.xib */,
				D4F05F451FBFFBB9002024F6 /* CreateAdvertsCollectionViewCell.h */,
				D4F05F461FBFFBB9002024F6 /* CreateAdvertsCollectionViewCell.m */,
				D4F05F471FBFFBB9002024F6 /* CreateAdvertsCollectionViewCell.xib */,
				D4041AF21FC031AD001F312E /* AdvertPDFCollectionViewCell.h */,
				D4041AF31FC031AD001F312E /* AdvertPDFCollectionViewCell.m */,
				D4041AF41FC031AD001F312E /* AdvertPDFCollectionViewCell.xib */,
			);
			path = Cells;
			sourceTree = "<group>";
		};
		D4F05F141FBD67E8002024F6 /* STCollapseTableView */ = {
			isa = PBXGroup;
			children = (
				D4F05F161FBD67E8002024F6 /* STCollapseTableView.h */,
				D4F05F151FBD67E8002024F6 /* STCollapseTableView.m */,
			);
			path = STCollapseTableView;
			sourceTree = "<group>";
		};
/* End PBXGroup section */

/* Begin PBXNativeTarget section */
		D4A019B01F850F0200E311B7 /* MindMe */ = {
			isa = PBXNativeTarget;
			buildConfigurationList = D4A019DE1F850F0200E311B7 /* Build configuration list for PBXNativeTarget "MindMe" */;
			buildPhases = (
				D4A019AD1F850F0200E311B7 /* Sources */,
				D4A019AE1F850F0200E311B7 /* Frameworks */,
				D4A019AF1F850F0200E311B7 /* Resources */,
			);
			buildRules = (
			);
			dependencies = (
			);
			name = MindMe;
			productName = MindMe;
			productReference = D4A019B11F850F0200E311B7 /* MindMe.app */;
			productType = "com.apple.product-type.application";
		};
		D4A019C91F850F0200E311B7 /* MindMeTests */ = {
			isa = PBXNativeTarget;
			buildConfigurationList = D4A019E11F850F0200E311B7 /* Build configuration list for PBXNativeTarget "MindMeTests" */;
			buildPhases = (
				D4A019C61F850F0200E311B7 /* Sources */,
				D4A019C71F850F0200E311B7 /* Frameworks */,
				D4A019C81F850F0200E311B7 /* Resources */,
			);
			buildRules = (
			);
			dependencies = (
				D4A019CC1F850F0200E311B7 /* PBXTargetDependency */,
			);
			name = MindMeTests;
			productName = MindMeTests;
			productReference = D4A019CA1F850F0200E311B7 /* MindMeTests.xctest */;
			productType = "com.apple.product-type.bundle.unit-test";
		};
		D4A019D41F850F0200E311B7 /* MindMeUITests */ = {
			isa = PBXNativeTarget;
			buildConfigurationList = D4A019E41F850F0200E311B7 /* Build configuration list for PBXNativeTarget "MindMeUITests" */;
			buildPhases = (
				D4A019D11F850F0200E311B7 /* Sources */,
				D4A019D21F850F0200E311B7 /* Frameworks */,
				D4A019D31F850F0200E311B7 /* Resources */,
			);
			buildRules = (
			);
			dependencies = (
				D4A019D71F850F0200E311B7 /* PBXTargetDependency */,
			);
			name = MindMeUITests;
			productName = MindMeUITests;
			productReference = D4A019D51F850F0200E311B7 /* MindMeUITests.xctest */;
			productType = "com.apple.product-type.bundle.ui-testing";
		};
/* End PBXNativeTarget section */

/* Begin PBXProject section */
		D4A019A91F850F0200E311B7 /* Project object */ = {
			isa = PBXProject;
			attributes = {
				LastUpgradeCheck = 0830;
				ORGANIZATIONNAME = Stardeep;
				TargetAttributes = {
					D4A019B01F850F0200E311B7 = {
						CreatedOnToolsVersion = 8.3.2;
						ProvisioningStyle = Manual;
					};
					D4A019C91F850F0200E311B7 = {
						CreatedOnToolsVersion = 8.3.2;
						ProvisioningStyle = Automatic;
						TestTargetID = D4A019B01F850F0200E311B7;
					};
					D4A019D41F850F0200E311B7 = {
						CreatedOnToolsVersion = 8.3.2;
						ProvisioningStyle = Automatic;
						TestTargetID = D4A019B01F850F0200E311B7;
					};
				};
			};
			buildConfigurationList = D4A019AC1F850F0200E311B7 /* Build configuration list for PBXProject "MindMe" */;
			compatibilityVersion = "Xcode 3.2";
			developmentRegion = English;
			hasScannedForEncodings = 0;
			knownRegions = (
				en,
				Base,
			);
			mainGroup = D4A019A81F850F0200E311B7;
			productRefGroup = D4A019B21F850F0200E311B7 /* Products */;
			projectDirPath = "";
			projectRoot = "";
			targets = (
				D4A019B01F850F0200E311B7 /* MindMe */,
				D4A019C91F850F0200E311B7 /* MindMeTests */,
				D4A019D41F850F0200E311B7 /* MindMeUITests */,
			);
		};
/* End PBXProject section */

/* Begin PBXResourcesBuildPhase section */
		D4A019AF1F850F0200E311B7 /* Resources */ = {
			isa = PBXResourcesBuildPhase;
			buildActionMask = 2147483647;
			files = (
				D43143C81F98E02B00FE0406 /* VisbyRoundCF-Light.otf in Resources */,
				D49BFE911F9DF776000D6638 /* ProfileActivitiesCollectionViewCell.xib in Resources */,
				D43143CA1F98E02B00FE0406 /* VisbyRoundCF-ExtraLight.otf in Resources */,
				D415586F1FB42E6B0031E23F /* tmpAdsHome.png in Resources */,
				D43143C51F98E02B00FE0406 /* VisbyRoundCF-Medium.otf in Resources */,
				D43143C91F98E02B00FE0406 /* VisbyRoundCF-ExtraBold.otf in Resources */,
				D49D78D01FA6FE8F007670F9 /* ProfileAvailabilityCollectionViewCell.xib in Resources */,
				D4F05F391FBEFD47002024F6 /* FAQSectionView.xib in Resources */,
				D43143CC1F98E02B00FE0406 /* VisbyRoundCF-Bold.otf in Resources */,
				D4041AF61FC031AD001F312E /* AdvertPDFCollectionViewCell.xib in Resources */,
				D4A019C41F850F0200E311B7 /* LaunchScreen.storyboard in Resources */,
				D43143CB1F98E02B00FE0406 /* VisbyRoundCF-Regular.otf in Resources */,
				D4F05F1E1FBD8F20002024F6 /* SideMenuSectionView.xib in Resources */,
				D420BFE11FB5CD7A0071E30A /* FilterViewController.xib in Resources */,
				D4F05F231FBDC02D002024F6 /* AdvertsTableViewCell.xib in Resources */,
				D4AD69301F933668009D57A7 /* AdsHomeTableViewCell.xib in Resources */,
				D48EE4C01F9B382C00CB43A0 /* SideMenuTableViewCell.xib in Resources */,
				D4F05F411FBF055E002024F6 /* FAQTableViewCell.xib in Resources */,
				D43143C71F98E02B00FE0406 /* VisbyRoundCF-DemiBold.otf in Resources */,
				D4F05F311FBDE5CD002024F6 /* FeaturedAdsTableViewCell.xib in Resources */,
				D43143C61F98E02B00FE0406 /* VisbyRoundCF-Heavy.otf in Resources */,
				D4A019C11F850F0200E311B7 /* Assets.xcassets in Resources */,
				D4A019BF1F850F0200E311B7 /* Main.storyboard in Resources */,
				D4736B5A1FBC60B6004A51A2 /* FavoritesTableViewCell.xib in Resources */,
				D420BFEB1FB82DD60071E30A /* FilterMiscTableViewCell.xib in Resources */,
				D4F05F491FBFFBB9002024F6 /* CreateAdvertsCollectionViewCell.xib in Resources */,
			);
			runOnlyForDeploymentPostprocessing = 0;
		};
		D4A019C81F850F0200E311B7 /* Resources */ = {
			isa = PBXResourcesBuildPhase;
			buildActionMask = 2147483647;
			files = (
			);
			runOnlyForDeploymentPostprocessing = 0;
		};
		D4A019D31F850F0200E311B7 /* Resources */ = {
			isa = PBXResourcesBuildPhase;
			buildActionMask = 2147483647;
			files = (
			);
			runOnlyForDeploymentPostprocessing = 0;
		};
/* End PBXResourcesBuildPhase section */

/* Begin PBXSourcesBuildPhase section */
		D4A019AD1F850F0200E311B7 /* Sources */ = {
			isa = PBXSourcesBuildPhase;
			buildActionMask = 2147483647;
			files = (
				D41558721FB461A60031E23F /* AdsDetailViewController.m in Sources */,
				D4041AF91FC0C209001F312E /* SelectLanguageViewController.m in Sources */,
				D43EE8CE1FB30AF100BE7E08 /* ContactUsViewController.m in Sources */,
				D48EE4C31F9B383C00CB43A0 /* SideMenuViewController.m in Sources */,
				D4A019E91F85386C00E311B7 /* LoginViewController.m in Sources */,
				D4F05F291FBDD18B002024F6 /* FeaturedCarerViewController.m in Sources */,
				D4F05F371FBEFBBE002024F6 /* FAQViewController.m in Sources */,
				D48EE4B51F9B2A2C00CB43A0 /* LGSideMenuSegue.m in Sources */,
				D4F05F3C1FBEFD65002024F6 /* FAQSectionView.m in Sources */,
				D4AD692F1F933668009D57A7 /* AdsHomeTableViewCell.m in Sources */,
				D49D78CF1FA6FE8F007670F9 /* ProfileAvailabilityCollectionViewCell.m in Sources */,
				D4A019B91F850F0200E311B7 /* AppDelegate.m in Sources */,
				D420BFE61FB817F50071E30A /* TTRangeSlider.m in Sources */,
				D4F05F221FBDC02D002024F6 /* AdvertsTableViewCell.m in Sources */,
				D48EE4B41F9B2A2C00CB43A0 /* LGSideMenuView.m in Sources */,
				D4A019B61F850F0200E311B7 /* main.m in Sources */,
				D4F05F2C1FBDDC88002024F6 /* PaymentViewController.m in Sources */,
				D48EE4B61F9B2A2C00CB43A0 /* LGSideMenuController.m in Sources */,
				D49BFE8B1F9C6F60000D6638 /* SharedClass.m in Sources */,
				D4F05F301FBDE5CD002024F6 /* FeaturedAdsTableViewCell.m in Sources */,
				D4041AF11FC0232C001F312E /* YourAdvertViewController.m in Sources */,
				D4F05F171FBD67E8002024F6 /* STCollapseTableView.m in Sources */,
				D40CDD6F1FAEE89100213855 /* DrivingLicenseInfoViewController.m in Sources */,
				D4AD692B1F93363B009D57A7 /* AdsHomeViewController.m in Sources */,
				D48EE4B91F9B2A2C00CB43A0 /* LGSideMenuBorderView.m in Sources */,
				D49BFE901F9DF776000D6638 /* ProfileActivitiesCollectionViewCell.m in Sources */,
				D4736B4F1FBB0B2A004A51A2 /* PrivacyPolicyViewController.m in Sources */,
				D4736B4C1FBB05B7004A51A2 /* TTTAttributedLabel.m in Sources */,
				D48EE4B31F9B2A2C00CB43A0 /* LGSideMenuHelper.m in Sources */,
				D4736B551FBC50A3004A51A2 /* FavoritesViewController.m in Sources */,
				D4736B591FBC60B6004A51A2 /* FavoritesTableViewCell.m in Sources */,
				D4F05F1C1FBD8F16002024F6 /* SideMenuSectionView.m in Sources */,
				D4F05F261FBDC35A002024F6 /* AdvertsViewController.m in Sources */,
				D4736B521FBB1015004A51A2 /* TnCViewController.m in Sources */,
				D48EE4B71F9B2A2C00CB43A0 /* LGSideMenuGesturesHandler.m in Sources */,
				D41558751FB4E9590031E23F /* ChangePasswordViewController.m in Sources */,
				D4F05F4C1FBFFD99002024F6 /* ChooseCareTypeViewController.m in Sources */,
				D49BFE871F9C6C39000D6638 /* EditProfileViewController.m in Sources */,
				D4F05F441FBF3D39002024F6 /* BuyPlanViewController.m in Sources */,
				D4F05F481FBFFBB9002024F6 /* CreateAdvertsCollectionViewCell.m in Sources */,
				D4F05F341FBEE4EE002024F6 /* FeaturedAdsViewController.m in Sources */,
				D420BFEA1FB82DD60071E30A /* FilterMiscTableViewCell.m in Sources */,
				D4041AEE1FC0153C001F312E /* YourInformationViewController.m in Sources */,
				D4A019EC1F85482800E311B7 /* RegisterViewController.m in Sources */,
				D48EE4B81F9B2A2C00CB43A0 /* UIViewController+LGSideMenuController.m in Sources */,
				D420BFE01FB5CD7A0071E30A /* FilterViewController.m in Sources */,
				D4F05F401FBF055E002024F6 /* FAQTableViewCell.m in Sources */,
				D48EE4BF1F9B382C00CB43A0 /* SideMenuTableViewCell.m in Sources */,
				D4041AF51FC031AD001F312E /* AdvertPDFCollectionViewCell.m in Sources */,
			);
			runOnlyForDeploymentPostprocessing = 0;
		};
		D4A019C61F850F0200E311B7 /* Sources */ = {
			isa = PBXSourcesBuildPhase;
			buildActionMask = 2147483647;
			files = (
				D4A019CF1F850F0200E311B7 /* MindMeTests.m in Sources */,
			);
			runOnlyForDeploymentPostprocessing = 0;
		};
		D4A019D11F850F0200E311B7 /* Sources */ = {
			isa = PBXSourcesBuildPhase;
			buildActionMask = 2147483647;
			files = (
				D4A019DA1F850F0200E311B7 /* MindMeUITests.m in Sources */,
			);
			runOnlyForDeploymentPostprocessing = 0;
		};
/* End PBXSourcesBuildPhase section */

/* Begin PBXTargetDependency section */
		D4A019CC1F850F0200E311B7 /* PBXTargetDependency */ = {
			isa = PBXTargetDependency;
			target = D4A019B01F850F0200E311B7 /* MindMe */;
			targetProxy = D4A019CB1F850F0200E311B7 /* PBXContainerItemProxy */;
		};
		D4A019D71F850F0200E311B7 /* PBXTargetDependency */ = {
			isa = PBXTargetDependency;
			target = D4A019B01F850F0200E311B7 /* MindMe */;
			targetProxy = D4A019D61F850F0200E311B7 /* PBXContainerItemProxy */;
		};
/* End PBXTargetDependency section */

/* Begin PBXVariantGroup section */
		D4A019BD1F850F0200E311B7 /* Main.storyboard */ = {
			isa = PBXVariantGroup;
			children = (
				D4A019BE1F850F0200E311B7 /* Base */,
			);
			name = Main.storyboard;
			sourceTree = "<group>";
		};
		D4A019C21F850F0200E311B7 /* LaunchScreen.storyboard */ = {
			isa = PBXVariantGroup;
			children = (
				D4A019C31F850F0200E311B7 /* Base */,
			);
			name = LaunchScreen.storyboard;
			sourceTree = "<group>";
		};
/* End PBXVariantGroup section */

/* Begin XCBuildConfiguration section */
		D4A019DC1F850F0200E311B7 /* Debug */ = {
			isa = XCBuildConfiguration;
			buildSettings = {
				ALWAYS_SEARCH_USER_PATHS = NO;
				CLANG_ANALYZER_NONNULL = YES;
				CLANG_ANALYZER_NUMBER_OBJECT_CONVERSION = YES_AGGRESSIVE;
				CLANG_CXX_LANGUAGE_STANDARD = "gnu++0x";
				CLANG_CXX_LIBRARY = "libc++";
				CLANG_ENABLE_MODULES = YES;
				CLANG_ENABLE_OBJC_ARC = YES;
				CLANG_WARN_BOOL_CONVERSION = YES;
				CLANG_WARN_CONSTANT_CONVERSION = YES;
				CLANG_WARN_DIRECT_OBJC_ISA_USAGE = YES_ERROR;
				CLANG_WARN_DOCUMENTATION_COMMENTS = YES;
				CLANG_WARN_EMPTY_BODY = YES;
				CLANG_WARN_ENUM_CONVERSION = YES;
				CLANG_WARN_INFINITE_RECURSION = YES;
				CLANG_WARN_INT_CONVERSION = YES;
				CLANG_WARN_OBJC_ROOT_CLASS = YES_ERROR;
				CLANG_WARN_SUSPICIOUS_MOVE = YES;
				CLANG_WARN_UNREACHABLE_CODE = YES;
				CLANG_WARN__DUPLICATE_METHOD_MATCH = YES;
				"CODE_SIGN_IDENTITY[sdk=iphoneos*]" = "iPhone Developer";
				COPY_PHASE_STRIP = NO;
				DEBUG_INFORMATION_FORMAT = dwarf;
				ENABLE_STRICT_OBJC_MSGSEND = YES;
				ENABLE_TESTABILITY = YES;
				GCC_C_LANGUAGE_STANDARD = gnu99;
				GCC_DYNAMIC_NO_PIC = NO;
				GCC_NO_COMMON_BLOCKS = YES;
				GCC_OPTIMIZATION_LEVEL = 0;
				GCC_PREPROCESSOR_DEFINITIONS = (
					"DEBUG=1",
					"$(inherited)",
				);
				GCC_WARN_64_TO_32_BIT_CONVERSION = YES;
				GCC_WARN_ABOUT_RETURN_TYPE = YES_ERROR;
				GCC_WARN_UNDECLARED_SELECTOR = YES;
				GCC_WARN_UNINITIALIZED_AUTOS = YES_AGGRESSIVE;
				GCC_WARN_UNUSED_FUNCTION = YES;
				GCC_WARN_UNUSED_VARIABLE = YES;
				IPHONEOS_DEPLOYMENT_TARGET = 10.3;
				MTL_ENABLE_DEBUG_INFO = YES;
				ONLY_ACTIVE_ARCH = YES;
				SDKROOT = iphoneos;
			};
			name = Debug;
		};
		D4A019DD1F850F0200E311B7 /* Release */ = {
			isa = XCBuildConfiguration;
			buildSettings = {
				ALWAYS_SEARCH_USER_PATHS = NO;
				CLANG_ANALYZER_NONNULL = YES;
				CLANG_ANALYZER_NUMBER_OBJECT_CONVERSION = YES_AGGRESSIVE;
				CLANG_CXX_LANGUAGE_STANDARD = "gnu++0x";
				CLANG_CXX_LIBRARY = "libc++";
				CLANG_ENABLE_MODULES = YES;
				CLANG_ENABLE_OBJC_ARC = YES;
				CLANG_WARN_BOOL_CONVERSION = YES;
				CLANG_WARN_CONSTANT_CONVERSION = YES;
				CLANG_WARN_DIRECT_OBJC_ISA_USAGE = YES_ERROR;
				CLANG_WARN_DOCUMENTATION_COMMENTS = YES;
				CLANG_WARN_EMPTY_BODY = YES;
				CLANG_WARN_ENUM_CONVERSION = YES;
				CLANG_WARN_INFINITE_RECURSION = YES;
				CLANG_WARN_INT_CONVERSION = YES;
				CLANG_WARN_OBJC_ROOT_CLASS = YES_ERROR;
				CLANG_WARN_SUSPICIOUS_MOVE = YES;
				CLANG_WARN_UNREACHABLE_CODE = YES;
				CLANG_WARN__DUPLICATE_METHOD_MATCH = YES;
				"CODE_SIGN_IDENTITY[sdk=iphoneos*]" = "iPhone Developer";
				COPY_PHASE_STRIP = NO;
				DEBUG_INFORMATION_FORMAT = "dwarf-with-dsym";
				ENABLE_NS_ASSERTIONS = NO;
				ENABLE_STRICT_OBJC_MSGSEND = YES;
				GCC_C_LANGUAGE_STANDARD = gnu99;
				GCC_NO_COMMON_BLOCKS = YES;
				GCC_WARN_64_TO_32_BIT_CONVERSION = YES;
				GCC_WARN_ABOUT_RETURN_TYPE = YES_ERROR;
				GCC_WARN_UNDECLARED_SELECTOR = YES;
				GCC_WARN_UNINITIALIZED_AUTOS = YES_AGGRESSIVE;
				GCC_WARN_UNUSED_FUNCTION = YES;
				GCC_WARN_UNUSED_VARIABLE = YES;
				IPHONEOS_DEPLOYMENT_TARGET = 10.3;
				MTL_ENABLE_DEBUG_INFO = NO;
				SDKROOT = iphoneos;
				VALIDATE_PRODUCT = YES;
			};
			name = Release;
		};
		D4A019DF1F850F0200E311B7 /* Debug */ = {
			isa = XCBuildConfiguration;
			buildSettings = {
				ASSETCATALOG_COMPILER_APPICON_NAME = AppIcon;
				CODE_SIGN_IDENTITY = "iPhone Distribution: Swapnil Harkanth (CZA6DXR72T)";
				DEVELOPMENT_TEAM = "";
				GCC_PREFIX_HEADER = MindMe/PrefixHeader.pch;
				INFOPLIST_FILE = MindMe/Info.plist;
				IPHONEOS_DEPLOYMENT_TARGET = 8.0;
				LD_RUNPATH_SEARCH_PATHS = "$(inherited) @executable_path/Frameworks";
				PRODUCT_BUNDLE_IDENTIFIER = com.stardeep.MindMe;
				PRODUCT_NAME = "$(TARGET_NAME)";
				PROVISIONING_PROFILE = "e179b871-ec52-4167-9147-132b43133197";
				PROVISIONING_PROFILE_SPECIFIER = "Mind Me Ad-Hoc";
			};
			name = Debug;
		};
		D4A019E01F850F0200E311B7 /* Release */ = {
			isa = XCBuildConfiguration;
			buildSettings = {
				ASSETCATALOG_COMPILER_APPICON_NAME = AppIcon;
				CODE_SIGN_IDENTITY = "iPhone Distribution: Swapnil Harkanth (CZA6DXR72T)";
				DEVELOPMENT_TEAM = "";
				GCC_PREFIX_HEADER = MindMe/PrefixHeader.pch;
				INFOPLIST_FILE = MindMe/Info.plist;
				IPHONEOS_DEPLOYMENT_TARGET = 8.0;
				LD_RUNPATH_SEARCH_PATHS = "$(inherited) @executable_path/Frameworks";
				PRODUCT_BUNDLE_IDENTIFIER = com.stardeep.MindMe;
				PRODUCT_NAME = "$(TARGET_NAME)";
				PROVISIONING_PROFILE = "e179b871-ec52-4167-9147-132b43133197";
				PROVISIONING_PROFILE_SPECIFIER = "Mind Me Ad-Hoc";
			};
			name = Release;
		};
		D4A019E21F850F0200E311B7 /* Debug */ = {
			isa = XCBuildConfiguration;
			buildSettings = {
				BUNDLE_LOADER = "$(TEST_HOST)";
				INFOPLIST_FILE = MindMeTests/Info.plist;
				LD_RUNPATH_SEARCH_PATHS = "$(inherited) @executable_path/Frameworks @loader_path/Frameworks";
				PRODUCT_BUNDLE_IDENTIFIER = com.stardeep.MindMeTests;
				PRODUCT_NAME = "$(TARGET_NAME)";
				TEST_HOST = "$(BUILT_PRODUCTS_DIR)/MindMe.app/MindMe";
			};
			name = Debug;
		};
		D4A019E31F850F0200E311B7 /* Release */ = {
			isa = XCBuildConfiguration;
			buildSettings = {
				BUNDLE_LOADER = "$(TEST_HOST)";
				INFOPLIST_FILE = MindMeTests/Info.plist;
				LD_RUNPATH_SEARCH_PATHS = "$(inherited) @executable_path/Frameworks @loader_path/Frameworks";
				PRODUCT_BUNDLE_IDENTIFIER = com.stardeep.MindMeTests;
				PRODUCT_NAME = "$(TARGET_NAME)";
				TEST_HOST = "$(BUILT_PRODUCTS_DIR)/MindMe.app/MindMe";
			};
			name = Release;
		};
		D4A019E51F850F0200E311B7 /* Debug */ = {
			isa = XCBuildConfiguration;
			buildSettings = {
				INFOPLIST_FILE = MindMeUITests/Info.plist;
				LD_RUNPATH_SEARCH_PATHS = "$(inherited) @executable_path/Frameworks @loader_path/Frameworks";
				PRODUCT_BUNDLE_IDENTIFIER = com.stardeep.MindMeUITests;
				PRODUCT_NAME = "$(TARGET_NAME)";
				TEST_TARGET_NAME = MindMe;
			};
			name = Debug;
		};
		D4A019E61F850F0200E311B7 /* Release */ = {
			isa = XCBuildConfiguration;
			buildSettings = {
				INFOPLIST_FILE = MindMeUITests/Info.plist;
				LD_RUNPATH_SEARCH_PATHS = "$(inherited) @executable_path/Frameworks @loader_path/Frameworks";
				PRODUCT_BUNDLE_IDENTIFIER = com.stardeep.MindMeUITests;
				PRODUCT_NAME = "$(TARGET_NAME)";
				TEST_TARGET_NAME = MindMe;
			};
			name = Release;
		};
/* End XCBuildConfiguration section */

/* Begin XCConfigurationList section */
		D4A019AC1F850F0200E311B7 /* Build configuration list for PBXProject "MindMe" */ = {
			isa = XCConfigurationList;
			buildConfigurations = (
				D4A019DC1F850F0200E311B7 /* Debug */,
				D4A019DD1F850F0200E311B7 /* Release */,
			);
			defaultConfigurationIsVisible = 0;
			defaultConfigurationName = Release;
		};
		D4A019DE1F850F0200E311B7 /* Build configuration list for PBXNativeTarget "MindMe" */ = {
			isa = XCConfigurationList;
			buildConfigurations = (
				D4A019DF1F850F0200E311B7 /* Debug */,
				D4A019E01F850F0200E311B7 /* Release */,
			);
			defaultConfigurationIsVisible = 0;
			defaultConfigurationName = Release;
		};
		D4A019E11F850F0200E311B7 /* Build configuration list for PBXNativeTarget "MindMeTests" */ = {
			isa = XCConfigurationList;
			buildConfigurations = (
				D4A019E21F850F0200E311B7 /* Debug */,
				D4A019E31F850F0200E311B7 /* Release */,
			);
			defaultConfigurationIsVisible = 0;
			defaultConfigurationName = Release;
		};
		D4A019E41F850F0200E311B7 /* Build configuration list for PBXNativeTarget "MindMeUITests" */ = {
			isa = XCConfigurationList;
			buildConfigurations = (
				D4A019E51F850F0200E311B7 /* Debug */,
				D4A019E61F850F0200E311B7 /* Release */,
			);
			defaultConfigurationIsVisible = 0;
			defaultConfigurationName = Release;
		};
/* End XCConfigurationList section */
	};
	rootObject = D4A019A91F850F0200E311B7 /* Project object */;
}
